// !$*UTF8*$!
{
	archiveVersion = 1;
	classes = {
	};
	objectVersion = 56;
	objects = {

/* Begin PBXBuildFile section */
		A608DC4F2ADDC44C00034E90 /* Score.swift in Sources */ = {isa = PBXBuildFile; fileRef = A608DC4E2ADDC44C00034E90 /* Score.swift */; };
		A62981402AB24782007CC0D7 /* TVGameTimeApp.swift in Sources */ = {isa = PBXBuildFile; fileRef = A629813F2AB24782007CC0D7 /* TVGameTimeApp.swift */; };
		A62981422AB24782007CC0D7 /* ContentView.swift in Sources */ = {isa = PBXBuildFile; fileRef = A62981412AB24782007CC0D7 /* ContentView.swift */; };
		A62981442AB24783007CC0D7 /* Assets.xcassets in Resources */ = {isa = PBXBuildFile; fileRef = A62981432AB24783007CC0D7 /* Assets.xcassets */; };
		A62981472AB24783007CC0D7 /* Preview Assets.xcassets in Resources */ = {isa = PBXBuildFile; fileRef = A62981462AB24783007CC0D7 /* Preview Assets.xcassets */; };
		A629814E2AB25360007CC0D7 /* QuestionModel.swift in Sources */ = {isa = PBXBuildFile; fileRef = A629814D2AB25360007CC0D7 /* QuestionModel.swift */; };
		A62981502AB25385007CC0D7 /* CategoryEnum.swift in Sources */ = {isa = PBXBuildFile; fileRef = A629814F2AB25385007CC0D7 /* CategoryEnum.swift */; };
		A62981C32ABC979E007CC0D7 /* QuestionViewModel.swift in Sources */ = {isa = PBXBuildFile; fileRef = A62981C22ABC979E007CC0D7 /* QuestionViewModel.swift */; };
		A62981C52ABCCE3B007CC0D7 /* CategoryView.swift in Sources */ = {isa = PBXBuildFile; fileRef = A62981C42ABCCE3B007CC0D7 /* CategoryView.swift */; };
		A62981C72ABCCEC5007CC0D7 /* QuizView.swift in Sources */ = {isa = PBXBuildFile; fileRef = A62981C62ABCCEC5007CC0D7 /* QuizView.swift */; };
		A62981C92ABDBE37007CC0D7 /* ButtonView.swift in Sources */ = {isa = PBXBuildFile; fileRef = A62981C82ABDBE37007CC0D7 /* ButtonView.swift */; };
		A62981CB2ABDD613007CC0D7 /* TempStorage.swift in Sources */ = {isa = PBXBuildFile; fileRef = A62981CA2ABDD613007CC0D7 /* TempStorage.swift */; };
/* End PBXBuildFile section */

/* Begin PBXFileReference section */
		A608DC4E2ADDC44C00034E90 /* Score.swift */ = {isa = PBXFileReference; lastKnownFileType = sourcecode.swift; path = Score.swift; sourceTree = "<group>"; };
		A629813C2AB24782007CC0D7 /* TVGameTime.app */ = {isa = PBXFileReference; explicitFileType = wrapper.application; includeInIndex = 0; path = TVGameTime.app; sourceTree = BUILT_PRODUCTS_DIR; };
		A629813F2AB24782007CC0D7 /* TVGameTimeApp.swift */ = {isa = PBXFileReference; lastKnownFileType = sourcecode.swift; path = TVGameTimeApp.swift; sourceTree = "<group>"; };
		A62981412AB24782007CC0D7 /* ContentView.swift */ = {isa = PBXFileReference; lastKnownFileType = sourcecode.swift; path = ContentView.swift; sourceTree = "<group>"; };
		A62981432AB24783007CC0D7 /* Assets.xcassets */ = {isa = PBXFileReference; lastKnownFileType = folder.assetcatalog; path = Assets.xcassets; sourceTree = "<group>"; };
		A62981462AB24783007CC0D7 /* Preview Assets.xcassets */ = {isa = PBXFileReference; lastKnownFileType = folder.assetcatalog; path = "Preview Assets.xcassets"; sourceTree = "<group>"; };
		A629814D2AB25360007CC0D7 /* QuestionModel.swift */ = {isa = PBXFileReference; lastKnownFileType = sourcecode.swift; path = QuestionModel.swift; sourceTree = "<group>"; };
		A629814F2AB25385007CC0D7 /* CategoryEnum.swift */ = {isa = PBXFileReference; lastKnownFileType = sourcecode.swift; path = CategoryEnum.swift; sourceTree = "<group>"; };
		A62981C22ABC979E007CC0D7 /* QuestionViewModel.swift */ = {isa = PBXFileReference; lastKnownFileType = sourcecode.swift; path = QuestionViewModel.swift; sourceTree = "<group>"; };
		A62981C42ABCCE3B007CC0D7 /* CategoryView.swift */ = {isa = PBXFileReference; lastKnownFileType = sourcecode.swift; path = CategoryView.swift; sourceTree = "<group>"; };
		A62981C62ABCCEC5007CC0D7 /* QuizView.swift */ = {isa = PBXFileReference; lastKnownFileType = sourcecode.swift; path = QuizView.swift; sourceTree = "<group>"; };
		A62981C82ABDBE37007CC0D7 /* ButtonView.swift */ = {isa = PBXFileReference; lastKnownFileType = sourcecode.swift; path = ButtonView.swift; sourceTree = "<group>"; };
		A62981CA2ABDD613007CC0D7 /* TempStorage.swift */ = {isa = PBXFileReference; lastKnownFileType = sourcecode.swift; path = TempStorage.swift; sourceTree = "<group>"; };
/* End PBXFileReference section */

/* Begin PBXFrameworksBuildPhase section */
		A62981392AB24782007CC0D7 /* Frameworks */ = {
			isa = PBXFrameworksBuildPhase;
			buildActionMask = 2147483647;
			files = (
			);
			runOnlyForDeploymentPostprocessing = 0;
		};
/* End PBXFrameworksBuildPhase section */

/* Begin PBXGroup section */
		A62981332AB24782007CC0D7 = {
			isa = PBXGroup;
			children = (
				A629813E2AB24782007CC0D7 /* TVGameTime */,
				A629813D2AB24782007CC0D7 /* Products */,
			);
			sourceTree = "<group>";
		};
		A629813D2AB24782007CC0D7 /* Products */ = {
			isa = PBXGroup;
			children = (
				A629813C2AB24782007CC0D7 /* TVGameTime.app */,
			);
			name = Products;
			sourceTree = "<group>";
		};
		A629813E2AB24782007CC0D7 /* TVGameTime */ = {
			isa = PBXGroup;
			children = (
				A629813F2AB24782007CC0D7 /* TVGameTimeApp.swift */,
				A62981412AB24782007CC0D7 /* ContentView.swift */,
				A62981C42ABCCE3B007CC0D7 /* CategoryView.swift */,
				A62981C62ABCCEC5007CC0D7 /* QuizView.swift */,
				A62981CA2ABDD613007CC0D7 /* TempStorage.swift */,
				A629814F2AB25385007CC0D7 /* CategoryEnum.swift */,
				A629814D2AB25360007CC0D7 /* QuestionModel.swift */,
				A608DC4E2ADDC44C00034E90 /* Score.swift */,
				A62981C22ABC979E007CC0D7 /* QuestionViewModel.swift */,
				A62981C82ABDBE37007CC0D7 /* ButtonView.swift */,
				A62981432AB24783007CC0D7 /* Assets.xcassets */,
				A62981452AB24783007CC0D7 /* Preview Content */,
			);
			path = TVGameTime;
			sourceTree = "<group>";
		};
		A62981452AB24783007CC0D7 /* Preview Content */ = {
			isa = PBXGroup;
			children = (
				A62981462AB24783007CC0D7 /* Preview Assets.xcassets */,
			);
			path = "Preview Content";
			sourceTree = "<group>";
		};
/* End PBXGroup section */

/* Begin PBXNativeTarget section */
		A629813B2AB24782007CC0D7 /* TVGameTime */ = {
			isa = PBXNativeTarget;
			buildConfigurationList = A629814A2AB24783007CC0D7 /* Build configuration list for PBXNativeTarget "TVGameTime" */;
			buildPhases = (
				A62981382AB24782007CC0D7 /* Sources */,
				A62981392AB24782007CC0D7 /* Frameworks */,
				A629813A2AB24782007CC0D7 /* Resources */,
			);
			buildRules = (
			);
			dependencies = (
			);
			name = TVGameTime;
			productName = TVGameTime;
			productReference = A629813C2AB24782007CC0D7 /* TVGameTime.app */;
			productType = "com.apple.product-type.application";
		};
/* End PBXNativeTarget section */

/* Begin PBXProject section */
		A62981342AB24782007CC0D7 /* Project object */ = {
			isa = PBXProject;
			attributes = {
				BuildIndependentTargetsInParallel = 1;
				LastSwiftUpdateCheck = 1430;
				LastUpgradeCheck = 1430;
				TargetAttributes = {
					A629813B2AB24782007CC0D7 = {
						CreatedOnToolsVersion = 14.3.1;
					};
				};
			};
			buildConfigurationList = A62981372AB24782007CC0D7 /* Build configuration list for PBXProject "TVGameTime" */;
			compatibilityVersion = "Xcode 14.0";
			developmentRegion = en;
			hasScannedForEncodings = 0;
			knownRegions = (
				en,
				Base,
			);
			mainGroup = A62981332AB24782007CC0D7;
			productRefGroup = A629813D2AB24782007CC0D7 /* Products */;
			projectDirPath = "";
			projectRoot = "";
			targets = (
				A629813B2AB24782007CC0D7 /* TVGameTime */,
			);
		};
/* End PBXProject section */

/* Begin PBXResourcesBuildPhase section */
		A629813A2AB24782007CC0D7 /* Resources */ = {
			isa = PBXResourcesBuildPhase;
			buildActionMask = 2147483647;
			files = (
				A62981472AB24783007CC0D7 /* Preview Assets.xcassets in Resources */,
				A62981442AB24783007CC0D7 /* Assets.xcassets in Resources */,
			);
			runOnlyForDeploymentPostprocessing = 0;
		};
/* End PBXResourcesBuildPhase section */

/* Begin PBXSourcesBuildPhase section */
		A62981382AB24782007CC0D7 /* Sources */ = {
			isa = PBXSourcesBuildPhase;
			buildActionMask = 2147483647;
			files = (
				A62981502AB25385007CC0D7 /* CategoryEnum.swift in Sources */,
				A629814E2AB25360007CC0D7 /* QuestionModel.swift in Sources */,
				A62981C92ABDBE37007CC0D7 /* ButtonView.swift in Sources */,
				A62981C52ABCCE3B007CC0D7 /* CategoryView.swift in Sources */,
				A608DC4F2ADDC44C00034E90 /* Score.swift in Sources */,
				A62981C32ABC979E007CC0D7 /* QuestionViewModel.swift in Sources */,
				A62981C72ABCCEC5007CC0D7 /* QuizView.swift in Sources */,
				A62981CB2ABDD613007CC0D7 /* TempStorage.swift in Sources */,
				A62981422AB24782007CC0D7 /* ContentView.swift in Sources */,
				A62981402AB24782007CC0D7 /* TVGameTimeApp.swift in Sources */,
			);
			runOnlyForDeploymentPostprocessing = 0;
		};
/* End PBXSourcesBuildPhase section */

/* Begin XCBuildConfiguration section */
		A62981482AB24783007CC0D7 /* Debug */ = {
			isa = XCBuildConfiguration;
			buildSettings = {
				ALWAYS_SEARCH_USER_PATHS = NO;
				CLANG_ANALYZER_NONNULL = YES;
				CLANG_ANALYZER_NUMBER_OBJECT_CONVERSION = YES_AGGRESSIVE;
				CLANG_CXX_LANGUAGE_STANDARD = "gnu++20";
				CLANG_ENABLE_MODULES = YES;
				CLANG_ENABLE_OBJC_ARC = YES;
				CLANG_ENABLE_OBJC_WEAK = YES;
				CLANG_WARN_BLOCK_CAPTURE_AUTORELEASING = YES;
				CLANG_WARN_BOOL_CONVERSION = YES;
				CLANG_WARN_COMMA = YES;
				CLANG_WARN_CONSTANT_CONVERSION = YES;
				CLANG_WARN_DEPRECATED_OBJC_IMPLEMENTATIONS = YES;
				CLANG_WARN_DIRECT_OBJC_ISA_USAGE = YES_ERROR;
				CLANG_WARN_DOCUMENTATION_COMMENTS = YES;
				CLANG_WARN_EMPTY_BODY = YES;
				CLANG_WARN_ENUM_CONVERSION = YES;
				CLANG_WARN_INFINITE_RECURSION = YES;
				CLANG_WARN_INT_CONVERSION = YES;
				CLANG_WARN_NON_LITERAL_NULL_CONVERSION = YES;
				CLANG_WARN_OBJC_IMPLICIT_RETAIN_SELF = YES;
				CLANG_WARN_OBJC_LITERAL_CONVERSION = YES;
				CLANG_WARN_OBJC_ROOT_CLASS = YES_ERROR;
				CLANG_WARN_QUOTED_INCLUDE_IN_FRAMEWORK_HEADER = YES;
				CLANG_WARN_RANGE_LOOP_ANALYSIS = YES;
				CLANG_WARN_STRICT_PROTOTYPES = YES;
				CLANG_WARN_SUSPICIOUS_MOVE = YES;
				CLANG_WARN_UNGUARDED_AVAILABILITY = YES_AGGRESSIVE;
				CLANG_WARN_UNREACHABLE_CODE = YES;
				CLANG_WARN__DUPLICATE_METHOD_MATCH = YES;
				COPY_PHASE_STRIP = NO;
				DEBUG_INFORMATION_FORMAT = dwarf;
				ENABLE_STRICT_OBJC_MSGSEND = YES;
				ENABLE_TESTABILITY = YES;
				GCC_C_LANGUAGE_STANDARD = gnu11;
				GCC_DYNAMIC_NO_PIC = NO;
				GCC_NO_COMMON_BLOCKS = YES;
				GCC_OPTIMIZATION_LEVEL = 0;
				GCC_PREPROCESSOR_DEFINITIONS = (
					"DEBUG=1",
					"$(inherited)",
				);
				GCC_WARN_64_TO_32_BIT_CONVERSION = YES;
				GCC_WARN_ABOUT_RETURN_TYPE = YES_ERROR;
				GCC_WARN_UNDECLARED_SELECTOR = YES;
				GCC_WARN_UNINITIALIZED_AUTOS = YES_AGGRESSIVE;
				GCC_WARN_UNUSED_FUNCTION = YES;
				GCC_WARN_UNUSED_VARIABLE = YES;
				MTL_ENABLE_DEBUG_INFO = INCLUDE_SOURCE;
				MTL_FAST_MATH = YES;
				ONLY_ACTIVE_ARCH = YES;
				SDKROOT = appletvos;
				SWIFT_ACTIVE_COMPILATION_CONDITIONS = DEBUG;
				SWIFT_OPTIMIZATION_LEVEL = "-Onone";
				TVOS_DEPLOYMENT_TARGET = 16.4;
			};
			name = Debug;
		};
		A62981492AB24783007CC0D7 /* Release */ = {
			isa = XCBuildConfiguration;
			buildSettings = {
				ALWAYS_SEARCH_USER_PATHS = NO;
				CLANG_ANALYZER_NONNULL = YES;
				CLANG_ANALYZER_NUMBER_OBJECT_CONVERSION = YES_AGGRESSIVE;
				CLANG_CXX_LANGUAGE_STANDARD = "gnu++20";
				CLANG_ENABLE_MODULES = YES;
				CLANG_ENABLE_OBJC_ARC = YES;
				CLANG_ENABLE_OBJC_WEAK = YES;
				CLANG_WARN_BLOCK_CAPTURE_AUTORELEASING = YES;
				CLANG_WARN_BOOL_CONVERSION = YES;
				CLANG_WARN_COMMA = YES;
				CLANG_WARN_CONSTANT_CONVERSION = YES;
				CLANG_WARN_DEPRECATED_OBJC_IMPLEMENTATIONS = YES;
				CLANG_WARN_DIRECT_OBJC_ISA_USAGE = YES_ERROR;
				CLANG_WARN_DOCUMENTATION_COMMENTS = YES;
				CLANG_WARN_EMPTY_BODY = YES;
				CLANG_WARN_ENUM_CONVERSION = YES;
				CLANG_WARN_INFINITE_RECURSION = YES;
				CLANG_WARN_INT_CONVERSION = YES;
				CLANG_WARN_NON_LITERAL_NULL_CONVERSION = YES;
				CLANG_WARN_OBJC_IMPLICIT_RETAIN_SELF = YES;
				CLANG_WARN_OBJC_LITERAL_CONVERSION = YES;
				CLANG_WARN_OBJC_ROOT_CLASS = YES_ERROR;
				CLANG_WARN_QUOTED_INCLUDE_IN_FRAMEWORK_HEADER = YES;
				CLANG_WARN_RANGE_LOOP_ANALYSIS = YES;
				CLANG_WARN_STRICT_PROTOTYPES = YES;
				CLANG_WARN_SUSPICIOUS_MOVE = YES;
				CLANG_WARN_UNGUARDED_AVAILABILITY = YES_AGGRESSIVE;
				CLANG_WARN_UNREACHABLE_CODE = YES;
				CLANG_WARN__DUPLICATE_METHOD_MATCH = YES;
				COPY_PHASE_STRIP = NO;
				DEBUG_INFORMATION_FORMAT = "dwarf-with-dsym";
				ENABLE_NS_ASSERTIONS = NO;
				ENABLE_STRICT_OBJC_MSGSEND = YES;
				GCC_C_LANGUAGE_STANDARD = gnu11;
				GCC_NO_COMMON_BLOCKS = YES;
				GCC_WARN_64_TO_32_BIT_CONVERSION = YES;
				GCC_WARN_ABOUT_RETURN_TYPE = YES_ERROR;
				GCC_WARN_UNDECLARED_SELECTOR = YES;
				GCC_WARN_UNINITIALIZED_AUTOS = YES_AGGRESSIVE;
				GCC_WARN_UNUSED_FUNCTION = YES;
				GCC_WARN_UNUSED_VARIABLE = YES;
				MTL_ENABLE_DEBUG_INFO = NO;
				MTL_FAST_MATH = YES;
				SDKROOT = appletvos;
				SWIFT_COMPILATION_MODE = wholemodule;
				SWIFT_OPTIMIZATION_LEVEL = "-O";
				TVOS_DEPLOYMENT_TARGET = 16.4;
				VALIDATE_PRODUCT = YES;
			};
			name = Release;
		};
		A629814B2AB24783007CC0D7 /* Debug */ = {
			isa = XCBuildConfiguration;
			buildSettings = {
				ASSETCATALOG_COMPILER_APPICON_NAME = "App Icon & Top Shelf Image";
				ASSETCATALOG_COMPILER_GLOBAL_ACCENT_COLOR_NAME = AccentColor;
				CODE_SIGN_STYLE = Automatic;
				CURRENT_PROJECT_VERSION = 1;
				DEVELOPMENT_ASSET_PATHS = "\"TVGameTime/Preview Content\"";
				DEVELOPMENT_TEAM = L8NA8XZ3DK;
				ENABLE_PREVIEWS = YES;
				GENERATE_INFOPLIST_FILE = YES;
				INFOPLIST_KEY_UILaunchScreen_Generation = YES;
				INFOPLIST_KEY_UIUserInterfaceStyle = Automatic;
				LD_RUNPATH_SEARCH_PATHS = (
					"$(inherited)",
					"@executable_path/Frameworks",
				);
				MARKETING_VERSION = 1.0;
				PRODUCT_BUNDLE_IDENTIFIER = nick.TVGameTime;
				PRODUCT_NAME = "$(TARGET_NAME)";
				SWIFT_EMIT_LOC_STRINGS = YES;
				SWIFT_VERSION = 5.0;
				TARGETED_DEVICE_FAMILY = 3;
			};
			name = Debug;
		};
		A629814C2AB24783007CC0D7 /* Release */ = {
			isa = XCBuildConfiguration;
			buildSettings = {
				ASSETCATALOG_COMPILER_APPICON_NAME = "App Icon & Top Shelf Image";
				ASSETCATALOG_COMPILER_GLOBAL_ACCENT_COLOR_NAME = AccentColor;
				CODE_SIGN_STYLE = Automatic;
				CURRENT_PROJECT_VERSION = 1;
				DEVELOPMENT_ASSET_PATHS = "\"TVGameTime/Preview Content\"";
				DEVELOPMENT_TEAM = L8NA8XZ3DK;
				ENABLE_PREVIEWS = YES;
				GENERATE_INFOPLIST_FILE = YES;
				INFOPLIST_KEY_UILaunchScreen_Generation = YES;
				INFOPLIST_KEY_UIUserInterfaceStyle = Automatic;
				LD_RUNPATH_SEARCH_PATHS = (
					"$(inherited)",
					"@executable_path/Frameworks",
				);
				MARKETING_VERSION = 1.0;
				PRODUCT_BUNDLE_IDENTIFIER = nick.TVGameTime;
				PRODUCT_NAME = "$(TARGET_NAME)";
				SWIFT_EMIT_LOC_STRINGS = YES;
				SWIFT_VERSION = 5.0;
				TARGETED_DEVICE_FAMILY = 3;
			};
			name = Release;
		};
/* End XCBuildConfiguration section */

/* Begin XCConfigurationList section */
		A62981372AB24782007CC0D7 /* Build configuration list for PBXProject "TVGameTime" */ = {
			isa = XCConfigurationList;
			buildConfigurations = (
				A62981482AB24783007CC0D7 /* Debug */,
				A62981492AB24783007CC0D7 /* Release */,
			);
			defaultConfigurationIsVisible = 0;
			defaultConfigurationName = Release;
		};
		A629814A2AB24783007CC0D7 /* Build configuration list for PBXNativeTarget "TVGameTime" */ = {
			isa = XCConfigurationList;
			buildConfigurations = (
				A629814B2AB24783007CC0D7 /* Debug */,
				A629814C2AB24783007CC0D7 /* Release */,
			);
			defaultConfigurationIsVisible = 0;
			defaultConfigurationName = Release;
		};
/* End XCConfigurationList section */
	};
	rootObject = A62981342AB24782007CC0D7 /* Project object */;
}
